
Microsoft Visual Studio Solution File, Format Version 12.00
# Visual Studio Version 17
VisualStudioVersion = 17.2.32602.215
MinimumVisualStudioVersion = 10.0.40219.1
Project("{FAE04EC0-301F-11D3-BF4B-00C04F79EFBC}") = "Pract11_Eliseev", "Pract11_Eliseev\Pract11_Eliseev.csproj", "{33F20D24-9CBF-4EB8-BAA4-2DE0C505114F}"
EndProject
Global
	GlobalSection(SolutionConfigurationPlatforms) = preSolution
		Debug|Any CPU = Debug|Any CPU
		Release|Any CPU = Release|Any CPU
	EndGlobalSection
	GlobalSection(ProjectConfigurationPlatforms) = postSolution
		{33F20D24-9CBF-4EB8-BAA4-2DE0C505114F}.Debug|Any CPU.ActiveCfg = Debug|Any CPU
		{33F20D24-9CBF-4EB8-BAA4-2DE0C505114F}.Debug|Any CPU.Build.0 = Debug|Any CPU
		{33F20D24-9CBF-4EB8-BAA4-2DE0C505114F}.Release|Any CPU.ActiveCfg = Release|Any CPU
		{33F20D24-9CBF-4EB8-BAA4-2DE0C505114F}.Release|Any CPU.Build.0 = Release|Any CPU
	EndGlobalSection
	GlobalSection(SolutionProperties) = preSolution
		HideSolutionNode = FALSE
	EndGlobalSection
	GlobalSection(ExtensibilityGlobals) = postSolution
		SolutionGuid = {2DE07C26-82FA-439F-8920-C5A7FCDEA2A5}
	EndGlobalSection
EndGlobal
